
Microsoft Visual Studio Solution File, Format Version 12.00
# Visual Studio Version 16
VisualStudioVersion = 16.0.32901.82
MinimumVisualStudioVersion = 10.0.40219.1
Project("{9A19103F-16F7-4668-BE54-9A1E7A4F7556}") = "JovemProgramadorMVC", "JovemProgramadorMVC\JovemProgramadorMVC.csproj", "{00B8761C-B312-42FC-839C-C6086649FFFD}"
EndProject
Global
	GlobalSection(SolutionConfigurationPlatforms) = preSolution
		Debug|Any CPU = Debug|Any CPU
		Release|Any CPU = Release|Any CPU
	EndGlobalSection
	GlobalSection(ProjectConfigurationPlatforms) = postSolution
		{00B8761C-B312-42FC-839C-C6086649FFFD}.Debug|Any CPU.ActiveCfg = Debug|Any CPU
		{00B8761C-B312-42FC-839C-C6086649FFFD}.Debug|Any CPU.Build.0 = Debug|Any CPU
		{00B8761C-B312-42FC-839C-C6086649FFFD}.Release|Any CPU.ActiveCfg = Release|Any CPU
		{00B8761C-B312-42FC-839C-C6086649FFFD}.Release|Any CPU.Build.0 = Release|Any CPU
	EndGlobalSection
	GlobalSection(SolutionProperties) = preSolution
		HideSolutionNode = FALSE
	EndGlobalSection
	GlobalSection(ExtensibilityGlobals) = postSolution
		SolutionGuid = {24F2B897-381B-480E-914C-001E86626460}
	EndGlobalSection
EndGlobal
